
Microsoft Visual Studio Solution File, Format Version 11.00
# Visual Studio 2010
Project("{FAE04EC0-301F-11D3-BF4B-00C04F79EFBC}") = "Assembly-CSharp", "Assembly-CSharp.csproj", "{7e3e4b25-0e3d-d825-0de9-8aec711b8870}"
EndProject
Project("{FAE04EC0-301F-11D3-BF4B-00C04F79EFBC}") = "SimpleTableUI", "SimpleTableUI.csproj", "{8eb285e5-e86e-badc-fd8a-da0bdaf402f3}"
EndProject
Project("{FAE04EC0-301F-11D3-BF4B-00C04F79EFBC}") = "SimpleTableUI_Editor", "SimpleTableUI_Editor.csproj", "{0598e0b6-aba8-ee60-7b1b-9a204ba679c7}"
EndProject
Global
	GlobalSection(SolutionConfigurationPlatforms) = preSolution
		Debug|Any CPU = Debug|Any CPU
	EndGlobalSection
	GlobalSection(ProjectConfigurationPlatforms) = postSolution
		{7e3e4b25-0e3d-d825-0de9-8aec711b8870}.Debug|Any CPU.ActiveCfg = Debug|Any CPU
		{7e3e4b25-0e3d-d825-0de9-8aec711b8870}.Debug|Any CPU.Build.0 = Debug|Any CPU
		{8eb285e5-e86e-badc-fd8a-da0bdaf402f3}.Debug|Any CPU.ActiveCfg = Debug|Any CPU
		{8eb285e5-e86e-badc-fd8a-da0bdaf402f3}.Debug|Any CPU.Build.0 = Debug|Any CPU
		{0598e0b6-aba8-ee60-7b1b-9a204ba679c7}.Debug|Any CPU.ActiveCfg = Debug|Any CPU
		{0598e0b6-aba8-ee60-7b1b-9a204ba679c7}.Debug|Any CPU.Build.0 = Debug|Any CPU
	EndGlobalSection
	GlobalSection(SolutionProperties) = preSolution
		HideSolutionNode = FALSE
	EndGlobalSection
EndGlobal
